// !$*UTF8*$!
{
	archiveVersion = 1;
	classes = {
	};
	objectVersion = 51;
	objects = {

/* Begin PBXBuildFile section */
		67A5B8F683E4958E4D94BFE9 /* Pods_InstagramClone.framework in Frameworks */ = {isa = PBXBuildFile; fileRef = 645CD2E6F63A020036D23CA7 /* Pods_InstagramClone.framework */; };
		A91D013922F78BF800AE3747 /* AppDelegate.swift in Sources */ = {isa = PBXBuildFile; fileRef = A91D013822F78BF800AE3747 /* AppDelegate.swift */; };
		A91D013E22F78BF800AE3747 /* Main.storyboard in Resources */ = {isa = PBXBuildFile; fileRef = A91D013C22F78BF800AE3747 /* Main.storyboard */; };
		A91D014022F78BF900AE3747 /* Assets.xcassets in Resources */ = {isa = PBXBuildFile; fileRef = A91D013F22F78BF900AE3747 /* Assets.xcassets */; };
		A91D014322F78BF900AE3747 /* LaunchScreen.storyboard in Resources */ = {isa = PBXBuildFile; fileRef = A91D014122F78BF900AE3747 /* LaunchScreen.storyboard */; };
		A91D014B22F7C68F00AE3747 /* ImagePickerHelper.swift in Sources */ = {isa = PBXBuildFile; fileRef = A91D014A22F7C68F00AE3747 /* ImagePickerHelper.swift */; };
		A91D014D22F7C8B600AE3747 /* ProfilePhotoViewController.swift in Sources */ = {isa = PBXBuildFile; fileRef = A91D014C22F7C8B600AE3747 /* ProfilePhotoViewController.swift */; };
		A91D014F22F7FBBA00AE3747 /* GoogleService-Info.plist in Resources */ = {isa = PBXBuildFile; fileRef = A91D014E22F7FBBA00AE3747 /* GoogleService-Info.plist */; };
		A9214BFD23BF22BC00F9E9CE /* Comment.swift in Sources */ = {isa = PBXBuildFile; fileRef = A9214BFC23BF22BC00F9E9CE /* Comment.swift */; };
		A92F981222FD15DF00B4458D /* PostComposerTableViewController.swift in Sources */ = {isa = PBXBuildFile; fileRef = A92F981122FD15DF00B4458D /* PostComposerTableViewController.swift */; };
		A970FE0423C0744500873043 /* PostDetailViewController.swift in Sources */ = {isa = PBXBuildFile; fileRef = A970FE0323C0744500873043 /* PostDetailViewController.swift */; };
		A970FE0623C0804700873043 /* CommentTableViewCell.swift in Sources */ = {isa = PBXBuildFile; fileRef = A970FE0523C0804700873043 /* CommentTableViewCell.swift */; };
		A998581422FA3D1F009783A7 /* NewsFeedTableViewController.swift in Sources */ = {isa = PBXBuildFile; fileRef = A998581322FA3D1F009783A7 /* NewsFeedTableViewController.swift */; };
		A998581722FA73DB009783A7 /* ProfileViewController.swift in Sources */ = {isa = PBXBuildFile; fileRef = A998581622FA73DB009783A7 /* ProfileViewController.swift */; };
		A9AB3E8122FDCDC600CF63F1 /* Post.swift in Sources */ = {isa = PBXBuildFile; fileRef = A9AB3E8022FDCDC600CF63F1 /* Post.swift */; };
		A9C93B2622FA76C500F0B190 /* LoginViewController.swift in Sources */ = {isa = PBXBuildFile; fileRef = A9C93B2522FA76C500F0B190 /* LoginViewController.swift */; };
		A9CCAB2F2307A45C008CE8D0 /* IGImageView.swift in Sources */ = {isa = PBXBuildFile; fileRef = A9CCAB2E2307A45C008CE8D0 /* IGImageView.swift */; };
		A9CCAB312307A89D008CE8D0 /* CommentsComposerViewController.swift in Sources */ = {isa = PBXBuildFile; fileRef = A9CCAB302307A89D008CE8D0 /* CommentsComposerViewController.swift */; };
		A9F808EE22FEF37100359E2F /* PostHeaderTableViewCell.swift in Sources */ = {isa = PBXBuildFile; fileRef = A9F808EC22FEF37100359E2F /* PostHeaderTableViewCell.swift */; };
		A9F808EF22FEF37100359E2F /* PostTableViewCell.swift in Sources */ = {isa = PBXBuildFile; fileRef = A9F808ED22FEF37100359E2F /* PostTableViewCell.swift */; };
		A9FA0D4D22F92D5D004BC24F /* UIImage+Firebase.swift in Sources */ = {isa = PBXBuildFile; fileRef = A9FA0D4C22F92D5D004BC24F /* UIImage+Firebase.swift */; };
		A9FA0D5122F92FE0004BC24F /* User.swift in Sources */ = {isa = PBXBuildFile; fileRef = A9FA0D5022F92FE0004BC24F /* User.swift */; };
		A9FA0D5322F954A9004BC24F /* SignUpViewController.swift in Sources */ = {isa = PBXBuildFile; fileRef = A9FA0D5222F954A9004BC24F /* SignUpViewController.swift */; };
/* End PBXBuildFile section */

/* Begin PBXFileReference section */
		4710FFF74BCB4EB7CF292EE3 /* Pods-InstagramClone.debug.xcconfig */ = {isa = PBXFileReference; includeInIndex = 1; lastKnownFileType = text.xcconfig; name = "Pods-InstagramClone.debug.xcconfig"; path = "Target Support Files/Pods-InstagramClone/Pods-InstagramClone.debug.xcconfig"; sourceTree = "<group>"; };
		645CD2E6F63A020036D23CA7 /* Pods_InstagramClone.framework */ = {isa = PBXFileReference; explicitFileType = wrapper.framework; includeInIndex = 0; path = Pods_InstagramClone.framework; sourceTree = BUILT_PRODUCTS_DIR; };
		A91D013522F78BF800AE3747 /* InstagramClone.app */ = {isa = PBXFileReference; explicitFileType = wrapper.application; includeInIndex = 0; path = InstagramClone.app; sourceTree = BUILT_PRODUCTS_DIR; };
		A91D013822F78BF800AE3747 /* AppDelegate.swift */ = {isa = PBXFileReference; lastKnownFileType = sourcecode.swift; path = AppDelegate.swift; sourceTree = "<group>"; };
		A91D013D22F78BF800AE3747 /* Base */ = {isa = PBXFileReference; lastKnownFileType = file.storyboard; name = Base; path = Base.lproj/Main.storyboard; sourceTree = "<group>"; };
		A91D013F22F78BF900AE3747 /* Assets.xcassets */ = {isa = PBXFileReference; lastKnownFileType = folder.assetcatalog; path = Assets.xcassets; sourceTree = "<group>"; };
		A91D014222F78BF900AE3747 /* Base */ = {isa = PBXFileReference; lastKnownFileType = file.storyboard; name = Base; path = Base.lproj/LaunchScreen.storyboard; sourceTree = "<group>"; };
		A91D014422F78BF900AE3747 /* Info.plist */ = {isa = PBXFileReference; lastKnownFileType = text.plist.xml; path = Info.plist; sourceTree = "<group>"; };
		A91D014A22F7C68F00AE3747 /* ImagePickerHelper.swift */ = {isa = PBXFileReference; lastKnownFileType = sourcecode.swift; path = ImagePickerHelper.swift; sourceTree = "<group>"; };
		A91D014C22F7C8B600AE3747 /* ProfilePhotoViewController.swift */ = {isa = PBXFileReference; lastKnownFileType = sourcecode.swift; path = ProfilePhotoViewController.swift; sourceTree = "<group>"; };
		A91D014E22F7FBBA00AE3747 /* GoogleService-Info.plist */ = {isa = PBXFileReference; fileEncoding = 4; lastKnownFileType = text.plist.xml; path = "GoogleService-Info.plist"; sourceTree = "<group>"; };
		A9214BFC23BF22BC00F9E9CE /* Comment.swift */ = {isa = PBXFileReference; lastKnownFileType = sourcecode.swift; path = Comment.swift; sourceTree = "<group>"; };
		A92F981122FD15DF00B4458D /* PostComposerTableViewController.swift */ = {isa = PBXFileReference; lastKnownFileType = sourcecode.swift; path = PostComposerTableViewController.swift; sourceTree = "<group>"; };
		A970FE0323C0744500873043 /* PostDetailViewController.swift */ = {isa = PBXFileReference; lastKnownFileType = sourcecode.swift; path = PostDetailViewController.swift; sourceTree = "<group>"; };
		A970FE0523C0804700873043 /* CommentTableViewCell.swift */ = {isa = PBXFileReference; lastKnownFileType = sourcecode.swift; path = CommentTableViewCell.swift; sourceTree = "<group>"; };
		A998581322FA3D1F009783A7 /* NewsFeedTableViewController.swift */ = {isa = PBXFileReference; lastKnownFileType = sourcecode.swift; path = NewsFeedTableViewController.swift; sourceTree = "<group>"; };
		A998581622FA73DB009783A7 /* ProfileViewController.swift */ = {isa = PBXFileReference; lastKnownFileType = sourcecode.swift; path = ProfileViewController.swift; sourceTree = "<group>"; };
		A9AB3E8022FDCDC600CF63F1 /* Post.swift */ = {isa = PBXFileReference; lastKnownFileType = sourcecode.swift; path = Post.swift; sourceTree = "<group>"; };
		A9C93B2522FA76C500F0B190 /* LoginViewController.swift */ = {isa = PBXFileReference; lastKnownFileType = sourcecode.swift; path = LoginViewController.swift; sourceTree = "<group>"; };
		A9CCAB2E2307A45C008CE8D0 /* IGImageView.swift */ = {isa = PBXFileReference; lastKnownFileType = sourcecode.swift; path = IGImageView.swift; sourceTree = "<group>"; };
		A9CCAB302307A89D008CE8D0 /* CommentsComposerViewController.swift */ = {isa = PBXFileReference; lastKnownFileType = sourcecode.swift; path = CommentsComposerViewController.swift; sourceTree = "<group>"; };
		A9F808EC22FEF37100359E2F /* PostHeaderTableViewCell.swift */ = {isa = PBXFileReference; fileEncoding = 4; lastKnownFileType = sourcecode.swift; path = PostHeaderTableViewCell.swift; sourceTree = "<group>"; };
		A9F808ED22FEF37100359E2F /* PostTableViewCell.swift */ = {isa = PBXFileReference; fileEncoding = 4; lastKnownFileType = sourcecode.swift; path = PostTableViewCell.swift; sourceTree = "<group>"; };
		A9FA0D4C22F92D5D004BC24F /* UIImage+Firebase.swift */ = {isa = PBXFileReference; lastKnownFileType = sourcecode.swift; path = "UIImage+Firebase.swift"; sourceTree = "<group>"; };
		A9FA0D5022F92FE0004BC24F /* User.swift */ = {isa = PBXFileReference; lastKnownFileType = sourcecode.swift; path = User.swift; sourceTree = "<group>"; };
		A9FA0D5222F954A9004BC24F /* SignUpViewController.swift */ = {isa = PBXFileReference; lastKnownFileType = sourcecode.swift; path = SignUpViewController.swift; sourceTree = "<group>"; };
		C13BE6DCF96B152A315BFD8E /* Pods-InstagramClone.release.xcconfig */ = {isa = PBXFileReference; includeInIndex = 1; lastKnownFileType = text.xcconfig; name = "Pods-InstagramClone.release.xcconfig"; path = "Target Support Files/Pods-InstagramClone/Pods-InstagramClone.release.xcconfig"; sourceTree = "<group>"; };
/* End PBXFileReference section */

/* Begin PBXFrameworksBuildPhase section */
		A91D013222F78BF800AE3747 /* Frameworks */ = {
			isa = PBXFrameworksBuildPhase;
			buildActionMask = 2147483647;
			files = (
				67A5B8F683E4958E4D94BFE9 /* Pods_InstagramClone.framework in Frameworks */,
			);
			runOnlyForDeploymentPostprocessing = 0;
		};
/* End PBXFrameworksBuildPhase section */

/* Begin PBXGroup section */
		A91D012C22F78BF800AE3747 = {
			isa = PBXGroup;
			children = (
				A91D013722F78BF800AE3747 /* InstagramClone */,
				A91D013622F78BF800AE3747 /* Products */,
				C0EC4E0597E4B26D71CCA7A9 /* Pods */,
				F2C680996D878C66321952D6 /* Frameworks */,
			);
			sourceTree = "<group>";
		};
		A91D013622F78BF800AE3747 /* Products */ = {
			isa = PBXGroup;
			children = (
				A91D013522F78BF800AE3747 /* InstagramClone.app */,
			);
			name = Products;
			sourceTree = "<group>";
		};
		A91D013722F78BF800AE3747 /* InstagramClone */ = {
			isa = PBXGroup;
			children = (
				A92F981022FD15AD00B4458D /* New Post */,
				A998581522FA7383009783A7 /* Profile */,
				A998581222FA3D0E009783A7 /* NewsFeed */,
				A9FA0D4F22F92FD2004BC24F /* User Authentication */,
				A9FA0D4E22F92FC1004BC24F /* Model */,
				A9FA0D4B22F92D4A004BC24F /* Utilities */,
				A91D014E22F7FBBA00AE3747 /* GoogleService-Info.plist */,
				A91D013822F78BF800AE3747 /* AppDelegate.swift */,
				A91D013C22F78BF800AE3747 /* Main.storyboard */,
				A91D013F22F78BF900AE3747 /* Assets.xcassets */,
				A91D014122F78BF900AE3747 /* LaunchScreen.storyboard */,
				A91D014422F78BF900AE3747 /* Info.plist */,
			);
			path = InstagramClone;
			sourceTree = "<group>";
		};
		A92F981022FD15AD00B4458D /* New Post */ = {
			isa = PBXGroup;
			children = (
				A92F981122FD15DF00B4458D /* PostComposerTableViewController.swift */,
			);
			path = "New Post";
			sourceTree = "<group>";
		};
		A970FE0723C0804E00873043 /* Cells */ = {
			isa = PBXGroup;
			children = (
				A9F808EC22FEF37100359E2F /* PostHeaderTableViewCell.swift */,
				A9F808ED22FEF37100359E2F /* PostTableViewCell.swift */,
				A970FE0523C0804700873043 /* CommentTableViewCell.swift */,
			);
			path = Cells;
			sourceTree = "<group>";
		};
		A998581222FA3D0E009783A7 /* NewsFeed */ = {
			isa = PBXGroup;
			children = (
				A970FE0723C0804E00873043 /* Cells */,
				A998581322FA3D1F009783A7 /* NewsFeedTableViewController.swift */,
				A9CCAB302307A89D008CE8D0 /* CommentsComposerViewController.swift */,
				A970FE0323C0744500873043 /* PostDetailViewController.swift */,
			);
			path = NewsFeed;
			sourceTree = "<group>";
		};
		A998581522FA7383009783A7 /* Profile */ = {
			isa = PBXGroup;
			children = (
				A998581622FA73DB009783A7 /* ProfileViewController.swift */,
			);
			path = Profile;
			sourceTree = "<group>";
		};
		A9FA0D4B22F92D4A004BC24F /* Utilities */ = {
			isa = PBXGroup;
			children = (
				A91D014A22F7C68F00AE3747 /* ImagePickerHelper.swift */,
				A9FA0D4C22F92D5D004BC24F /* UIImage+Firebase.swift */,
				A9CCAB2E2307A45C008CE8D0 /* IGImageView.swift */,
			);
			path = Utilities;
			sourceTree = "<group>";
		};
		A9FA0D4E22F92FC1004BC24F /* Model */ = {
			isa = PBXGroup;
			children = (
				A9FA0D5022F92FE0004BC24F /* User.swift */,
				A9AB3E8022FDCDC600CF63F1 /* Post.swift */,
				A9214BFC23BF22BC00F9E9CE /* Comment.swift */,
			);
			path = Model;
			sourceTree = "<group>";
		};
		A9FA0D4F22F92FD2004BC24F /* User Authentication */ = {
			isa = PBXGroup;
			children = (
				A91D014C22F7C8B600AE3747 /* ProfilePhotoViewController.swift */,
				A9FA0D5222F954A9004BC24F /* SignUpViewController.swift */,
				A9C93B2522FA76C500F0B190 /* LoginViewController.swift */,
			);
			path = "User Authentication";
			sourceTree = "<group>";
		};
		C0EC4E0597E4B26D71CCA7A9 /* Pods */ = {
			isa = PBXGroup;
			children = (
				4710FFF74BCB4EB7CF292EE3 /* Pods-InstagramClone.debug.xcconfig */,
				C13BE6DCF96B152A315BFD8E /* Pods-InstagramClone.release.xcconfig */,
			);
			path = Pods;
			sourceTree = "<group>";
		};
		F2C680996D878C66321952D6 /* Frameworks */ = {
			isa = PBXGroup;
			children = (
				645CD2E6F63A020036D23CA7 /* Pods_InstagramClone.framework */,
			);
			name = Frameworks;
			sourceTree = "<group>";
		};
/* End PBXGroup section */

/* Begin PBXNativeTarget section */
		A91D013422F78BF800AE3747 /* InstagramClone */ = {
			isa = PBXNativeTarget;
			buildConfigurationList = A91D014722F78BF900AE3747 /* Build configuration list for PBXNativeTarget "InstagramClone" */;
			buildPhases = (
				09EFCF64F7A44D5921C0DC30 /* [CP] Check Pods Manifest.lock */,
				A91D013122F78BF800AE3747 /* Sources */,
				A91D013222F78BF800AE3747 /* Frameworks */,
				A91D013322F78BF800AE3747 /* Resources */,
				706150FCDE8D63B8386C7C02 /* [CP] Embed Pods Frameworks */,
				A9214BFE23BF31BD00F9E9CE /* ShellScript */,
			);
			buildRules = (
			);
			dependencies = (
			);
			name = InstagramClone;
			productName = InstagramClone;
			productReference = A91D013522F78BF800AE3747 /* InstagramClone.app */;
			productType = "com.apple.product-type.application";
		};
/* End PBXNativeTarget section */

/* Begin PBXProject section */
		A91D012D22F78BF800AE3747 /* Project object */ = {
			isa = PBXProject;
			attributes = {
				LastSwiftUpdateCheck = 1030;
				LastUpgradeCheck = 1030;
				ORGANIZATIONNAME = "Juan Francisco Dorado Torres";
				TargetAttributes = {
					A91D013422F78BF800AE3747 = {
						CreatedOnToolsVersion = 10.3;
					};
				};
			};
			buildConfigurationList = A91D013022F78BF800AE3747 /* Build configuration list for PBXProject "InstagramClone" */;
			compatibilityVersion = "Xcode 9.3";
			developmentRegion = en;
			hasScannedForEncodings = 0;
			knownRegions = (
				en,
				Base,
			);
			mainGroup = A91D012C22F78BF800AE3747;
			productRefGroup = A91D013622F78BF800AE3747 /* Products */;
			projectDirPath = "";
			projectRoot = "";
			targets = (
				A91D013422F78BF800AE3747 /* InstagramClone */,
			);
		};
/* End PBXProject section */

/* Begin PBXResourcesBuildPhase section */
		A91D013322F78BF800AE3747 /* Resources */ = {
			isa = PBXResourcesBuildPhase;
			buildActionMask = 2147483647;
			files = (
				A91D014322F78BF900AE3747 /* LaunchScreen.storyboard in Resources */,
				A91D014F22F7FBBA00AE3747 /* GoogleService-Info.plist in Resources */,
				A91D014022F78BF900AE3747 /* Assets.xcassets in Resources */,
				A91D013E22F78BF800AE3747 /* Main.storyboard in Resources */,
			);
			runOnlyForDeploymentPostprocessing = 0;
		};
/* End PBXResourcesBuildPhase section */

/* Begin PBXShellScriptBuildPhase section */
		09EFCF64F7A44D5921C0DC30 /* [CP] Check Pods Manifest.lock */ = {
			isa = PBXShellScriptBuildPhase;
			buildActionMask = 2147483647;
			files = (
			);
			inputFileListPaths = (
			);
			inputPaths = (
				"${PODS_PODFILE_DIR_PATH}/Podfile.lock",
				"${PODS_ROOT}/Manifest.lock",
			);
			name = "[CP] Check Pods Manifest.lock";
			outputFileListPaths = (
			);
			outputPaths = (
				"$(DERIVED_FILE_DIR)/Pods-InstagramClone-checkManifestLockResult.txt",
			);
			runOnlyForDeploymentPostprocessing = 0;
			shellPath = /bin/sh;
			shellScript = "diff \"${PODS_PODFILE_DIR_PATH}/Podfile.lock\" \"${PODS_ROOT}/Manifest.lock\" > /dev/null\nif [ $? != 0 ] ; then\n    # print error to STDERR\n    echo \"error: The sandbox is not in sync with the Podfile.lock. Run 'pod install' or update your CocoaPods installation.\" >&2\n    exit 1\nfi\n# This output is used by Xcode 'outputs' to avoid re-running this script phase.\necho \"SUCCESS\" > \"${SCRIPT_OUTPUT_FILE_0}\"\n";
			showEnvVarsInLog = 0;
		};
		706150FCDE8D63B8386C7C02 /* [CP] Embed Pods Frameworks */ = {
			isa = PBXShellScriptBuildPhase;
			buildActionMask = 2147483647;
			files = (
			);
			inputFileListPaths = (
				"${PODS_ROOT}/Target Support Files/Pods-InstagramClone/Pods-InstagramClone-frameworks-${CONFIGURATION}-input-files.xcfilelist",
			);
			name = "[CP] Embed Pods Frameworks";
			outputFileListPaths = (
				"${PODS_ROOT}/Target Support Files/Pods-InstagramClone/Pods-InstagramClone-frameworks-${CONFIGURATION}-output-files.xcfilelist",
			);
			runOnlyForDeploymentPostprocessing = 0;
			shellPath = /bin/sh;
			shellScript = "\"${PODS_ROOT}/Target Support Files/Pods-InstagramClone/Pods-InstagramClone-frameworks.sh\"\n";
			showEnvVarsInLog = 0;
		};
		A9214BFE23BF31BD00F9E9CE /* ShellScript */ = {
			isa = PBXShellScriptBuildPhase;
			buildActionMask = 2147483647;
			files = (
			);
			inputFileListPaths = (
			);
			inputPaths = (
			);
			outputFileListPaths = (
			);
			outputPaths = (
			);
			runOnlyForDeploymentPostprocessing = 0;
			shellPath = /bin/sh;
			shellScript = "if which swiftlint >/dev/null; then\n  swiftlint\nelse\n  echo \"warning: SwiftLint not installed, download from https://github.com/realm/SwiftLint\"\nfi\n";
		};
/* End PBXShellScriptBuildPhase section */

/* Begin PBXSourcesBuildPhase section */
		A91D013122F78BF800AE3747 /* Sources */ = {
			isa = PBXSourcesBuildPhase;
			buildActionMask = 2147483647;
			files = (
				A92F981222FD15DF00B4458D /* PostComposerTableViewController.swift in Sources */,
				A9CCAB312307A89D008CE8D0 /* CommentsComposerViewController.swift in Sources */,
				A970FE0423C0744500873043 /* PostDetailViewController.swift in Sources */,
				A9AB3E8122FDCDC600CF63F1 /* Post.swift in Sources */,
				A9F808EF22FEF37100359E2F /* PostTableViewCell.swift in Sources */,
				A970FE0623C0804700873043 /* CommentTableViewCell.swift in Sources */,
				A9C93B2622FA76C500F0B190 /* LoginViewController.swift in Sources */,
				A9FA0D5322F954A9004BC24F /* SignUpViewController.swift in Sources */,
				A91D014B22F7C68F00AE3747 /* ImagePickerHelper.swift in Sources */,
				A9FA0D5122F92FE0004BC24F /* User.swift in Sources */,
				A9F808EE22FEF37100359E2F /* PostHeaderTableViewCell.swift in Sources */,
				A998581422FA3D1F009783A7 /* NewsFeedTableViewController.swift in Sources */,
				A91D014D22F7C8B600AE3747 /* ProfilePhotoViewController.swift in Sources */,
				A9214BFD23BF22BC00F9E9CE /* Comment.swift in Sources */,
				A998581722FA73DB009783A7 /* ProfileViewController.swift in Sources */,
				A91D013922F78BF800AE3747 /* AppDelegate.swift in Sources */,
				A9CCAB2F2307A45C008CE8D0 /* IGImageView.swift in Sources */,
				A9FA0D4D22F92D5D004BC24F /* UIImage+Firebase.swift in Sources */,
			);
			runOnlyForDeploymentPostprocessing = 0;
		};
/* End PBXSourcesBuildPhase section */

/* Begin PBXVariantGroup section */
		A91D013C22F78BF800AE3747 /* Main.storyboard */ = {
			isa = PBXVariantGroup;
			children = (
				A91D013D22F78BF800AE3747 /* Base */,
			);
			name = Main.storyboard;
			sourceTree = "<group>";
		};
		A91D014122F78BF900AE3747 /* LaunchScreen.storyboard */ = {
			isa = PBXVariantGroup;
			children = (
				A91D014222F78BF900AE3747 /* Base */,
			);
			name = LaunchScreen.storyboard;
			sourceTree = "<group>";
		};
/* End PBXVariantGroup section */

/* Begin XCBuildConfiguration section */
		A91D014522F78BF900AE3747 /* Debug */ = {
			isa = XCBuildConfiguration;
			buildSettings = {
				ALWAYS_SEARCH_USER_PATHS = NO;
				CLANG_ANALYZER_NONNULL = YES;
				CLANG_ANALYZER_NUMBER_OBJECT_CONVERSION = YES_AGGRESSIVE;
				CLANG_CXX_LANGUAGE_STANDARD = "gnu++14";
				CLANG_CXX_LIBRARY = "libc++";
				CLANG_ENABLE_MODULES = YES;
				CLANG_ENABLE_OBJC_ARC = YES;
				CLANG_ENABLE_OBJC_WEAK = YES;
				CLANG_WARN_BLOCK_CAPTURE_AUTORELEASING = YES;
				CLANG_WARN_BOOL_CONVERSION = YES;
				CLANG_WARN_COMMA = YES;
				CLANG_WARN_CONSTANT_CONVERSION = YES;
				CLANG_WARN_DEPRECATED_OBJC_IMPLEMENTATIONS = YES;
				CLANG_WARN_DIRECT_OBJC_ISA_USAGE = YES_ERROR;
				CLANG_WARN_DOCUMENTATION_COMMENTS = YES;
				CLANG_WARN_EMPTY_BODY = YES;
				CLANG_WARN_ENUM_CONVERSION = YES;
				CLANG_WARN_INFINITE_RECURSION = YES;
				CLANG_WARN_INT_CONVERSION = YES;
				CLANG_WARN_NON_LITERAL_NULL_CONVERSION = YES;
				CLANG_WARN_OBJC_IMPLICIT_RETAIN_SELF = YES;
				CLANG_WARN_OBJC_LITERAL_CONVERSION = YES;
				CLANG_WARN_OBJC_ROOT_CLASS = YES_ERROR;
				CLANG_WARN_RANGE_LOOP_ANALYSIS = YES;
				CLANG_WARN_STRICT_PROTOTYPES = YES;
				CLANG_WARN_SUSPICIOUS_MOVE = YES;
				CLANG_WARN_UNGUARDED_AVAILABILITY = YES_AGGRESSIVE;
				CLANG_WARN_UNREACHABLE_CODE = YES;
				CLANG_WARN__DUPLICATE_METHOD_MATCH = YES;
				CODE_SIGN_IDENTITY = "iPhone Developer";
				COPY_PHASE_STRIP = NO;
				DEBUG_INFORMATION_FORMAT = dwarf;
				ENABLE_STRICT_OBJC_MSGSEND = YES;
				ENABLE_TESTABILITY = YES;
				GCC_C_LANGUAGE_STANDARD = gnu11;
				GCC_DYNAMIC_NO_PIC = NO;
				GCC_NO_COMMON_BLOCKS = YES;
				GCC_OPTIMIZATION_LEVEL = 0;
				GCC_PREPROCESSOR_DEFINITIONS = (
					"DEBUG=1",
					"$(inherited)",
				);
				GCC_WARN_64_TO_32_BIT_CONVERSION = YES;
				GCC_WARN_ABOUT_RETURN_TYPE = YES_ERROR;
				GCC_WARN_UNDECLARED_SELECTOR = YES;
				GCC_WARN_UNINITIALIZED_AUTOS = YES_AGGRESSIVE;
				GCC_WARN_UNUSED_FUNCTION = YES;
				GCC_WARN_UNUSED_VARIABLE = YES;
				IPHONEOS_DEPLOYMENT_TARGET = 12.4;
				MTL_ENABLE_DEBUG_INFO = INCLUDE_SOURCE;
				MTL_FAST_MATH = YES;
				ONLY_ACTIVE_ARCH = YES;
				SDKROOT = iphoneos;
				SWIFT_ACTIVE_COMPILATION_CONDITIONS = DEBUG;
				SWIFT_OPTIMIZATION_LEVEL = "-Onone";
			};
			name = Debug;
		};
		A91D014622F78BF900AE3747 /* Release */ = {
			isa = XCBuildConfiguration;
			buildSettings = {
				ALWAYS_SEARCH_USER_PATHS = NO;
				CLANG_ANALYZER_NONNULL = YES;
				CLANG_ANALYZER_NUMBER_OBJECT_CONVERSION = YES_AGGRESSIVE;
				CLANG_CXX_LANGUAGE_STANDARD = "gnu++14";
				CLANG_CXX_LIBRARY = "libc++";
				CLANG_ENABLE_MODULES = YES;
				CLANG_ENABLE_OBJC_ARC = YES;
				CLANG_ENABLE_OBJC_WEAK = YES;
				CLANG_WARN_BLOCK_CAPTURE_AUTORELEASING = YES;
				CLANG_WARN_BOOL_CONVERSION = YES;
				CLANG_WARN_COMMA = YES;
				CLANG_WARN_CONSTANT_CONVERSION = YES;
				CLANG_WARN_DEPRECATED_OBJC_IMPLEMENTATIONS = YES;
				CLANG_WARN_DIRECT_OBJC_ISA_USAGE = YES_ERROR;
				CLANG_WARN_DOCUMENTATION_COMMENTS = YES;
				CLANG_WARN_EMPTY_BODY = YES;
				CLANG_WARN_ENUM_CONVERSION = YES;
				CLANG_WARN_INFINITE_RECURSION = YES;
				CLANG_WARN_INT_CONVERSION = YES;
				CLANG_WARN_NON_LITERAL_NULL_CONVERSION = YES;
				CLANG_WARN_OBJC_IMPLICIT_RETAIN_SELF = YES;
				CLANG_WARN_OBJC_LITERAL_CONVERSION = YES;
				CLANG_WARN_OBJC_ROOT_CLASS = YES_ERROR;
				CLANG_WARN_RANGE_LOOP_ANALYSIS = YES;
				CLANG_WARN_STRICT_PROTOTYPES = YES;
				CLANG_WARN_SUSPICIOUS_MOVE = YES;
				CLANG_WARN_UNGUARDED_AVAILABILITY = YES_AGGRESSIVE;
				CLANG_WARN_UNREACHABLE_CODE = YES;
				CLANG_WARN__DUPLICATE_METHOD_MATCH = YES;
				CODE_SIGN_IDENTITY = "iPhone Developer";
				COPY_PHASE_STRIP = NO;
				DEBUG_INFORMATION_FORMAT = "dwarf-with-dsym";
				ENABLE_NS_ASSERTIONS = NO;
				ENABLE_STRICT_OBJC_MSGSEND = YES;
				GCC_C_LANGUAGE_STANDARD = gnu11;
				GCC_NO_COMMON_BLOCKS = YES;
				GCC_WARN_64_TO_32_BIT_CONVERSION = YES;
				GCC_WARN_ABOUT_RETURN_TYPE = YES_ERROR;
				GCC_WARN_UNDECLARED_SELECTOR = YES;
				GCC_WARN_UNINITIALIZED_AUTOS = YES_AGGRESSIVE;
				GCC_WARN_UNUSED_FUNCTION = YES;
				GCC_WARN_UNUSED_VARIABLE = YES;
				IPHONEOS_DEPLOYMENT_TARGET = 12.4;
				MTL_ENABLE_DEBUG_INFO = NO;
				MTL_FAST_MATH = YES;
				SDKROOT = iphoneos;
				SWIFT_COMPILATION_MODE = wholemodule;
				SWIFT_OPTIMIZATION_LEVEL = "-O";
				VALIDATE_PRODUCT = YES;
			};
			name = Release;
		};
		A91D014822F78BF900AE3747 /* Debug */ = {
			isa = XCBuildConfiguration;
			baseConfigurationReference = 4710FFF74BCB4EB7CF292EE3 /* Pods-InstagramClone.debug.xcconfig */;
			buildSettings = {
				ASSETCATALOG_COMPILER_APPICON_NAME = AppIcon;
				CODE_SIGN_STYLE = Automatic;
				DEVELOPMENT_TEAM = 9WA4Y6TAAQ;
				INFOPLIST_FILE = InstagramClone/Info.plist;
				IPHONEOS_DEPLOYMENT_TARGET = 12.0;
				LD_RUNPATH_SEARCH_PATHS = (
					"$(inherited)",
					"@executable_path/Frameworks",
				);
				PRODUCT_BUNDLE_IDENTIFIER = com.dorado.InstagramClone;
				PRODUCT_NAME = "$(TARGET_NAME)";
				SWIFT_VERSION = 5.0;
				TARGETED_DEVICE_FAMILY = "1,2";
			};
			name = Debug;
		};
		A91D014922F78BF900AE3747 /* Release */ = {
			isa = XCBuildConfiguration;
			baseConfigurationReference = C13BE6DCF96B152A315BFD8E /* Pods-InstagramClone.release.xcconfig */;
			buildSettings = {
				ASSETCATALOG_COMPILER_APPICON_NAME = AppIcon;
				CODE_SIGN_STYLE = Automatic;
				DEVELOPMENT_TEAM = 9WA4Y6TAAQ;
				INFOPLIST_FILE = InstagramClone/Info.plist;
				IPHONEOS_DEPLOYMENT_TARGET = 12.0;
				LD_RUNPATH_SEARCH_PATHS = (
					"$(inherited)",
					"@executable_path/Frameworks",
				);
				PRODUCT_BUNDLE_IDENTIFIER = com.dorado.InstagramClone;
				PRODUCT_NAME = "$(TARGET_NAME)";
				SWIFT_VERSION = 5.0;
				TARGETED_DEVICE_FAMILY = "1,2";
			};
			name = Release;
		};
/* End XCBuildConfiguration section */

/* Begin XCConfigurationList section */
		A91D013022F78BF800AE3747 /* Build configuration list for PBXProject "InstagramClone" */ = {
			isa = XCConfigurationList;
			buildConfigurations = (
				A91D014522F78BF900AE3747 /* Debug */,
				A91D014622F78BF900AE3747 /* Release */,
			);
			defaultConfigurationIsVisible = 0;
			defaultConfigurationName = Release;
		};
		A91D014722F78BF900AE3747 /* Build configuration list for PBXNativeTarget "InstagramClone" */ = {
			isa = XCConfigurationList;
			buildConfigurations = (
				A91D014822F78BF900AE3747 /* Debug */,
				A91D014922F78BF900AE3747 /* Release */,
			);
			defaultConfigurationIsVisible = 0;
			defaultConfigurationName = Release;
		};
/* End XCConfigurationList section */
	};
	rootObject = A91D012D22F78BF800AE3747 /* Project object */;
}
